
Microsoft Visual Studio Solution File, Format Version 12.00
# Visual Studio Version 17
VisualStudioVersion = 17.1.32421.90
MinimumVisualStudioVersion = 10.0.40219.1
Project("{9A19103F-16F7-4668-BE54-9A1E7A4F7556}") = "ConsoleClient", "ConsoleClient\ConsoleClient.csproj", "{670A2E66-FDBD-4D46-9D5D-BC9105F76258}"
EndProject
Project("{9A19103F-16F7-4668-BE54-9A1E7A4F7556}") = "Validation", "Validation\Validation.csproj", "{4B84F0CC-6AAA-499C-853F-3E1EF99D8AAF}"
EndProject
Project("{9A19103F-16F7-4668-BE54-9A1E7A4F7556}") = "Conversion", "Conversion\Conversion.csproj", "{D361A864-FF89-4CD1-8629-6A7E83486994}"
EndProject
Project("{9A19103F-16F7-4668-BE54-9A1E7A4F7556}") = "DataReceiving", "DataReceiving\DataReceiving.csproj", "{77EE4E66-183E-4D0B-BB7D-3DFACCCC0A55}"
EndProject
Project("{9A19103F-16F7-4668-BE54-9A1E7A4F7556}") = "Serialization", "Serialization\Serialization.csproj", "{453D495E-B222-41C4-BA8F-5D375650AA2A}"
EndProject
Project("{9A19103F-16F7-4668-BE54-9A1E7A4F7556}") = "ExportDataService", "ExportDataService\ExportDataService.csproj", "{08B5EE7C-9FCA-44D5-B173-65BC5B4C2A8A}"
EndProject
Project("{9A19103F-16F7-4668-BE54-9A1E7A4F7556}") = "UriConversion", "UriConversion\UriConversion.csproj", "{57A5BBF1-7D86-447E-8AAC-ED108DB50E8E}"
EndProject
Project("{9A19103F-16F7-4668-BE54-9A1E7A4F7556}") = "XmlWriter.Serialization", "XmlWriter.Serialization\XmlWriter.Serialization.csproj", "{41D82363-2902-4043-837A-BA82B185EC40}"
EndProject
Project("{9A19103F-16F7-4668-BE54-9A1E7A4F7556}") = "XDomWriter.Serialization", "XDomWriter.Serialization\XDomWriter.Serialization.csproj", "{D4BC6EBE-B4B1-4207-B962-1B508B682BB1}"
EndProject
Project("{9A19103F-16F7-4668-BE54-9A1E7A4F7556}") = "XmlDomWriter.Serialization", "XmlDomWriter.Serialization\XmlDomWriter.Serialization.csproj", "{CDDF2F98-1D73-4141-9603-807648F90BDD}"
EndProject
Project("{9A19103F-16F7-4668-BE54-9A1E7A4F7556}") = "XmlSerializer.Serialization", "XmlSerializer.Serialization\XmlSerializer.Serialization.csproj", "{DAFEB805-6BEC-4117-B845-E77635C5CDA4}"
EndProject
Project("{2150E333-8FDC-42A3-9474-1A3956D46DE8}") = "Generics", "Generics", "{0DB14AC4-8E24-477F-B0CC-D1CAC103902D}"
EndProject
Project("{2150E333-8FDC-42A3-9474-1A3956D46DE8}") = "Serializers", "Serializers", "{914ECBE5-FCB0-4DF7-8A80-B42056E2A5ED}"
EndProject
Project("{2150E333-8FDC-42A3-9474-1A3956D46DE8}") = "Receivers", "Receivers", "{D4731AF9-76AC-4122-9196-13CDA5D8113D}"
EndProject
Project("{9A19103F-16F7-4668-BE54-9A1E7A4F7556}") = "InMemoryReceiver", "InMemoryReceiver\InMemoryReceiver.csproj", "{1F9B290F-1DBD-4FE6-A174-D43DDF8C9E9B}"
EndProject
Project("{9A19103F-16F7-4668-BE54-9A1E7A4F7556}") = "ExportDataService.Tests", "ExportDataService.Tests\ExportDataService.Tests.csproj", "{322451F3-4848-49E1-971B-71CE6BBF786A}"
EndProject
Project("{FAE04EC0-301F-11D3-BF4B-00C04F79EFBC}") = "TextFileReceiver", "TextFileReceiver\TextFileReceiver.csproj", "{6A184617-E6EC-4B4A-ABBE-E8F8EF752C81}"
EndProject
Project("{FAE04EC0-301F-11D3-BF4B-00C04F79EFBC}") = "JsonSerializer.Serialization", "JsonSerializer.Serialization\JsonSerializer.Serialization.csproj", "{42D402BF-D9A2-4314-A5B4-957E03A26BDA}"
EndProject
Global
	GlobalSection(SolutionConfigurationPlatforms) = preSolution
		Debug|Any CPU = Debug|Any CPU
		Release|Any CPU = Release|Any CPU
	EndGlobalSection
	GlobalSection(ProjectConfigurationPlatforms) = postSolution
		{670A2E66-FDBD-4D46-9D5D-BC9105F76258}.Debug|Any CPU.ActiveCfg = Debug|Any CPU
		{670A2E66-FDBD-4D46-9D5D-BC9105F76258}.Debug|Any CPU.Build.0 = Debug|Any CPU
		{670A2E66-FDBD-4D46-9D5D-BC9105F76258}.Release|Any CPU.ActiveCfg = Release|Any CPU
		{670A2E66-FDBD-4D46-9D5D-BC9105F76258}.Release|Any CPU.Build.0 = Release|Any CPU
		{4B84F0CC-6AAA-499C-853F-3E1EF99D8AAF}.Debug|Any CPU.ActiveCfg = Debug|Any CPU
		{4B84F0CC-6AAA-499C-853F-3E1EF99D8AAF}.Debug|Any CPU.Build.0 = Debug|Any CPU
		{4B84F0CC-6AAA-499C-853F-3E1EF99D8AAF}.Release|Any CPU.ActiveCfg = Release|Any CPU
		{4B84F0CC-6AAA-499C-853F-3E1EF99D8AAF}.Release|Any CPU.Build.0 = Release|Any CPU
		{D361A864-FF89-4CD1-8629-6A7E83486994}.Debug|Any CPU.ActiveCfg = Debug|Any CPU
		{D361A864-FF89-4CD1-8629-6A7E83486994}.Debug|Any CPU.Build.0 = Debug|Any CPU
		{D361A864-FF89-4CD1-8629-6A7E83486994}.Release|Any CPU.ActiveCfg = Release|Any CPU
		{D361A864-FF89-4CD1-8629-6A7E83486994}.Release|Any CPU.Build.0 = Release|Any CPU
		{77EE4E66-183E-4D0B-BB7D-3DFACCCC0A55}.Debug|Any CPU.ActiveCfg = Debug|Any CPU
		{77EE4E66-183E-4D0B-BB7D-3DFACCCC0A55}.Debug|Any CPU.Build.0 = Debug|Any CPU
		{77EE4E66-183E-4D0B-BB7D-3DFACCCC0A55}.Release|Any CPU.ActiveCfg = Release|Any CPU
		{77EE4E66-183E-4D0B-BB7D-3DFACCCC0A55}.Release|Any CPU.Build.0 = Release|Any CPU
		{453D495E-B222-41C4-BA8F-5D375650AA2A}.Debug|Any CPU.ActiveCfg = Debug|Any CPU
		{453D495E-B222-41C4-BA8F-5D375650AA2A}.Debug|Any CPU.Build.0 = Debug|Any CPU
		{453D495E-B222-41C4-BA8F-5D375650AA2A}.Release|Any CPU.ActiveCfg = Release|Any CPU
		{453D495E-B222-41C4-BA8F-5D375650AA2A}.Release|Any CPU.Build.0 = Release|Any CPU
		{08B5EE7C-9FCA-44D5-B173-65BC5B4C2A8A}.Debug|Any CPU.ActiveCfg = Debug|Any CPU
		{08B5EE7C-9FCA-44D5-B173-65BC5B4C2A8A}.Debug|Any CPU.Build.0 = Debug|Any CPU
		{08B5EE7C-9FCA-44D5-B173-65BC5B4C2A8A}.Release|Any CPU.ActiveCfg = Release|Any CPU
		{08B5EE7C-9FCA-44D5-B173-65BC5B4C2A8A}.Release|Any CPU.Build.0 = Release|Any CPU
		{57A5BBF1-7D86-447E-8AAC-ED108DB50E8E}.Debug|Any CPU.ActiveCfg = Debug|Any CPU
		{57A5BBF1-7D86-447E-8AAC-ED108DB50E8E}.Debug|Any CPU.Build.0 = Debug|Any CPU
		{57A5BBF1-7D86-447E-8AAC-ED108DB50E8E}.Release|Any CPU.ActiveCfg = Release|Any CPU
		{57A5BBF1-7D86-447E-8AAC-ED108DB50E8E}.Release|Any CPU.Build.0 = Release|Any CPU
		{41D82363-2902-4043-837A-BA82B185EC40}.Debug|Any CPU.ActiveCfg = Debug|Any CPU
		{41D82363-2902-4043-837A-BA82B185EC40}.Debug|Any CPU.Build.0 = Debug|Any CPU
		{41D82363-2902-4043-837A-BA82B185EC40}.Release|Any CPU.ActiveCfg = Release|Any CPU
		{41D82363-2902-4043-837A-BA82B185EC40}.Release|Any CPU.Build.0 = Release|Any CPU
		{D4BC6EBE-B4B1-4207-B962-1B508B682BB1}.Debug|Any CPU.ActiveCfg = Debug|Any CPU
		{D4BC6EBE-B4B1-4207-B962-1B508B682BB1}.Debug|Any CPU.Build.0 = Debug|Any CPU
		{D4BC6EBE-B4B1-4207-B962-1B508B682BB1}.Release|Any CPU.ActiveCfg = Release|Any CPU
		{D4BC6EBE-B4B1-4207-B962-1B508B682BB1}.Release|Any CPU.Build.0 = Release|Any CPU
		{CDDF2F98-1D73-4141-9603-807648F90BDD}.Debug|Any CPU.ActiveCfg = Debug|Any CPU
		{CDDF2F98-1D73-4141-9603-807648F90BDD}.Debug|Any CPU.Build.0 = Debug|Any CPU
		{CDDF2F98-1D73-4141-9603-807648F90BDD}.Release|Any CPU.ActiveCfg = Release|Any CPU
		{CDDF2F98-1D73-4141-9603-807648F90BDD}.Release|Any CPU.Build.0 = Release|Any CPU
		{DAFEB805-6BEC-4117-B845-E77635C5CDA4}.Debug|Any CPU.ActiveCfg = Debug|Any CPU
		{DAFEB805-6BEC-4117-B845-E77635C5CDA4}.Debug|Any CPU.Build.0 = Debug|Any CPU
		{DAFEB805-6BEC-4117-B845-E77635C5CDA4}.Release|Any CPU.ActiveCfg = Release|Any CPU
		{DAFEB805-6BEC-4117-B845-E77635C5CDA4}.Release|Any CPU.Build.0 = Release|Any CPU
		{1F9B290F-1DBD-4FE6-A174-D43DDF8C9E9B}.Debug|Any CPU.ActiveCfg = Debug|Any CPU
		{1F9B290F-1DBD-4FE6-A174-D43DDF8C9E9B}.Debug|Any CPU.Build.0 = Debug|Any CPU
		{1F9B290F-1DBD-4FE6-A174-D43DDF8C9E9B}.Release|Any CPU.ActiveCfg = Release|Any CPU
		{1F9B290F-1DBD-4FE6-A174-D43DDF8C9E9B}.Release|Any CPU.Build.0 = Release|Any CPU
		{322451F3-4848-49E1-971B-71CE6BBF786A}.Debug|Any CPU.ActiveCfg = Debug|Any CPU
		{322451F3-4848-49E1-971B-71CE6BBF786A}.Debug|Any CPU.Build.0 = Debug|Any CPU
		{322451F3-4848-49E1-971B-71CE6BBF786A}.Release|Any CPU.ActiveCfg = Release|Any CPU
		{322451F3-4848-49E1-971B-71CE6BBF786A}.Release|Any CPU.Build.0 = Release|Any CPU
		{6A184617-E6EC-4B4A-ABBE-E8F8EF752C81}.Debug|Any CPU.ActiveCfg = Debug|Any CPU
		{6A184617-E6EC-4B4A-ABBE-E8F8EF752C81}.Debug|Any CPU.Build.0 = Debug|Any CPU
		{6A184617-E6EC-4B4A-ABBE-E8F8EF752C81}.Release|Any CPU.ActiveCfg = Release|Any CPU
		{6A184617-E6EC-4B4A-ABBE-E8F8EF752C81}.Release|Any CPU.Build.0 = Release|Any CPU
		{42D402BF-D9A2-4314-A5B4-957E03A26BDA}.Debug|Any CPU.ActiveCfg = Debug|Any CPU
		{42D402BF-D9A2-4314-A5B4-957E03A26BDA}.Debug|Any CPU.Build.0 = Debug|Any CPU
		{42D402BF-D9A2-4314-A5B4-957E03A26BDA}.Release|Any CPU.ActiveCfg = Release|Any CPU
		{42D402BF-D9A2-4314-A5B4-957E03A26BDA}.Release|Any CPU.Build.0 = Release|Any CPU
	EndGlobalSection
	GlobalSection(SolutionProperties) = preSolution
		HideSolutionNode = FALSE
	EndGlobalSection
	GlobalSection(NestedProjects) = preSolution
		{4B84F0CC-6AAA-499C-853F-3E1EF99D8AAF} = {0DB14AC4-8E24-477F-B0CC-D1CAC103902D}
		{D361A864-FF89-4CD1-8629-6A7E83486994} = {0DB14AC4-8E24-477F-B0CC-D1CAC103902D}
		{77EE4E66-183E-4D0B-BB7D-3DFACCCC0A55} = {0DB14AC4-8E24-477F-B0CC-D1CAC103902D}
		{453D495E-B222-41C4-BA8F-5D375650AA2A} = {0DB14AC4-8E24-477F-B0CC-D1CAC103902D}
		{08B5EE7C-9FCA-44D5-B173-65BC5B4C2A8A} = {0DB14AC4-8E24-477F-B0CC-D1CAC103902D}
		{41D82363-2902-4043-837A-BA82B185EC40} = {914ECBE5-FCB0-4DF7-8A80-B42056E2A5ED}
		{D4BC6EBE-B4B1-4207-B962-1B508B682BB1} = {914ECBE5-FCB0-4DF7-8A80-B42056E2A5ED}
		{CDDF2F98-1D73-4141-9603-807648F90BDD} = {914ECBE5-FCB0-4DF7-8A80-B42056E2A5ED}
		{DAFEB805-6BEC-4117-B845-E77635C5CDA4} = {914ECBE5-FCB0-4DF7-8A80-B42056E2A5ED}
		{1F9B290F-1DBD-4FE6-A174-D43DDF8C9E9B} = {D4731AF9-76AC-4122-9196-13CDA5D8113D}
		{6A184617-E6EC-4B4A-ABBE-E8F8EF752C81} = {D4731AF9-76AC-4122-9196-13CDA5D8113D}
		{42D402BF-D9A2-4314-A5B4-957E03A26BDA} = {914ECBE5-FCB0-4DF7-8A80-B42056E2A5ED}
	EndGlobalSection
	GlobalSection(ExtensibilityGlobals) = postSolution
		SolutionGuid = {FD28FB83-853D-427E-A328-58E5540EAB95}
	EndGlobalSection
EndGlobal
